<?xml version="1.0" encoding="utf-8"?>
<Project ToolsVersion="4.0" xmlns="http://schemas.microsoft.com/developer/msbuild/2003">
  <ItemGroup>
    <Filter Include="Source">
      <UniqueIdentifier>{4FC737F1-C7A5-4376-A066-2A32D752A2FF}</UniqueIdentifier>
      <Extensions>cpp;c;cc;cxx;def;odl;idl;hpj;bat;asm;asmx</Extensions>
    </Filter>
    <Filter Include="Source\Bell">
      <UniqueIdentifier>{76dac8d1-efc1-4e6a-aa3d-b6edabda9a6f}</UniqueIdentifier>
    </Filter>
    <Filter Include="Source\Bell\Util">
      <UniqueIdentifier>{257d3855-a45f-4d67-be9b-61d91c00cef7}</UniqueIdentifier>
    </Filter>
    <Filter Include="Test">
      <UniqueIdentifier>{67DA6AB6-F800-4c08-8B7A-83BB121AAD01}</UniqueIdentifier>
      <Extensions>rc;ico;cur;bmp;dlg;rc2;rct;bin;rgs;gif;jpg;jpeg;jpe;resx;tiff;tif;png;wav;mfcribbon-ms</Extensions>
    </Filter>
    <Filter Include="Test\Bell">
      <UniqueIdentifier>{d9539836-755c-4599-8a5c-5f2ba364e41f}</UniqueIdentifier>
    </Filter>
    <Filter Include="Test\Bell\Util">
      <UniqueIdentifier>{7a1b345a-3fe1-4860-80d7-0ec5cf7b71c2}</UniqueIdentifier>
    </Filter>
  </ItemGroup>
  <ItemGroup>
    <ClCompile Include="Main.cpp">
      <Filter>Source</Filter>
    </ClCompile>
    <ClCompile Include="Test\Bell\Util\Test_StringSwitch.cpp">
      <Filter>Test\Bell\Util</Filter>
    </ClCompile>
  </ItemGroup>
  <ItemGroup>
    <ClInclude Include="Source\Bell\Util\StringSwitch.hpp">
      <Filter>Source\Bell\Util</Filter>
    </ClInclude>
  </ItemGroup>
</Project>